
Microsoft Visual Studio Solution File, Format Version 12.00
# Visual Studio Version 17
VisualStudioVersion = 17.10.35013.160
MinimumVisualStudioVersion = 10.0.40219.1
Project("{FAE04EC0-301F-11D3-BF4B-00C04F79EFBC}") = "Property01", "Property01.csproj", "{1C5F6A56-0D3A-4C0C-9635-FACA0FEC052B}"
EndProject
Global
	GlobalSection(SolutionConfigurationPlatforms) = preSolution
		Debug|Any CPU = Debug|Any CPU
		Release|Any CPU = Release|Any CPU
	EndGlobalSection
	GlobalSection(ProjectConfigurationPlatforms) = postSolution
		{1C5F6A56-0D3A-4C0C-9635-FACA0FEC052B}.Debug|Any CPU.ActiveCfg = Debug|Any CPU
		{1C5F6A56-0D3A-4C0C-9635-FACA0FEC052B}.Debug|Any CPU.Build.0 = Debug|Any CPU
		{1C5F6A56-0D3A-4C0C-9635-FACA0FEC052B}.Release|Any CPU.ActiveCfg = Release|Any CPU
		{1C5F6A56-0D3A-4C0C-9635-FACA0FEC052B}.Release|Any CPU.Build.0 = Release|Any CPU
	EndGlobalSection
	GlobalSection(SolutionProperties) = preSolution
		HideSolutionNode = FALSE
	EndGlobalSection
	GlobalSection(ExtensibilityGlobals) = postSolution
		SolutionGuid = {5FD101A9-3BD7-41C5-B3D4-E7A98A342174}
	EndGlobalSection
EndGlobal
