
Microsoft Visual Studio Solution File, Format Version 12.00
# Visual Studio Version 17
VisualStudioVersion = 17.10.35013.160
MinimumVisualStudioVersion = 10.0.40219.1
Project("{FAE04EC0-301F-11D3-BF4B-00C04F79EFBC}") = "OOP06", "OOP06.csproj", "{77967670-B077-494E-AA05-6FB952C9EABF}"
EndProject
Global
	GlobalSection(SolutionConfigurationPlatforms) = preSolution
		Debug|Any CPU = Debug|Any CPU
		Release|Any CPU = Release|Any CPU
	EndGlobalSection
	GlobalSection(ProjectConfigurationPlatforms) = postSolution
		{77967670-B077-494E-AA05-6FB952C9EABF}.Debug|Any CPU.ActiveCfg = Debug|Any CPU
		{77967670-B077-494E-AA05-6FB952C9EABF}.Debug|Any CPU.Build.0 = Debug|Any CPU
		{77967670-B077-494E-AA05-6FB952C9EABF}.Release|Any CPU.ActiveCfg = Release|Any CPU
		{77967670-B077-494E-AA05-6FB952C9EABF}.Release|Any CPU.Build.0 = Release|Any CPU
	EndGlobalSection
	GlobalSection(SolutionProperties) = preSolution
		HideSolutionNode = FALSE
	EndGlobalSection
	GlobalSection(ExtensibilityGlobals) = postSolution
		SolutionGuid = {7C86EE62-1AD6-436C-ADB6-BE579A8944E6}
	EndGlobalSection
EndGlobal
