
Microsoft Visual Studio Solution File, Format Version 12.00
# Visual Studio Version 17
VisualStudioVersion = 17.10.35013.160
MinimumVisualStudioVersion = 10.0.40219.1
Project("{FAE04EC0-301F-11D3-BF4B-00C04F79EFBC}") = "OOPApp07", "OOPApp07.csproj", "{D6DF1587-09A9-43B7-9A98-7001B7D661AB}"
EndProject
Global
	GlobalSection(SolutionConfigurationPlatforms) = preSolution
		Debug|Any CPU = Debug|Any CPU
		Release|Any CPU = Release|Any CPU
	EndGlobalSection
	GlobalSection(ProjectConfigurationPlatforms) = postSolution
		{D6DF1587-09A9-43B7-9A98-7001B7D661AB}.Debug|Any CPU.ActiveCfg = Debug|Any CPU
		{D6DF1587-09A9-43B7-9A98-7001B7D661AB}.Debug|Any CPU.Build.0 = Debug|Any CPU
		{D6DF1587-09A9-43B7-9A98-7001B7D661AB}.Release|Any CPU.ActiveCfg = Release|Any CPU
		{D6DF1587-09A9-43B7-9A98-7001B7D661AB}.Release|Any CPU.Build.0 = Release|Any CPU
	EndGlobalSection
	GlobalSection(SolutionProperties) = preSolution
		HideSolutionNode = FALSE
	EndGlobalSection
	GlobalSection(ExtensibilityGlobals) = postSolution
		SolutionGuid = {EB4163C8-AA73-4151-8E2F-23527F1D931A}
	EndGlobalSection
EndGlobal
